
Microsoft Visual Studio Solution File, Format Version 12.00
# Visual Studio Version 17
VisualStudioVersion = 17.0.32112.339
MinimumVisualStudioVersion = 10.0.40219.1
Project("{2150E333-8FDC-42A3-9474-1A3956D46DE8}") = "1.0 - Presentation", "1.0 - Presentation", "{23526F33-EB48-4FE6-BD83-39549AE8E007}"
EndProject
Project("{2150E333-8FDC-42A3-9474-1A3956D46DE8}") = "2.0 - Application", "2.0 - Application", "{E97999E2-70CC-43F9-9353-05C278B98414}"
EndProject
Project("{2150E333-8FDC-42A3-9474-1A3956D46DE8}") = "3.0 - Domain", "3.0 - Domain", "{F26E32F8-865F-4788-9BA6-01D7506C2CD2}"
EndProject
Project("{2150E333-8FDC-42A3-9474-1A3956D46DE8}") = "4.0 - Infrastructure", "4.0 - Infrastructure", "{0BB3ACCB-F25A-4F81-B986-0E1BF43BC32A}"
EndProject
Project("{2150E333-8FDC-42A3-9474-1A3956D46DE8}") = "4.1 - Data", "4.1 - Data", "{99A85865-13CD-49C5-8B97-F164A80A9E04}"
EndProject
Project("{2150E333-8FDC-42A3-9474-1A3956D46DE8}") = "4.2 - Ioc", "4.2 - Ioc", "{249BD4F9-0C01-4119-A8AA-9BA85DE3719B}"
EndProject
Project("{FAE04EC0-301F-11D3-BF4B-00C04F79EFBC}") = "AS32.Presentation", "AS32.Presentation\AS32.Presentation.csproj", "{77D97813-5E07-4F9F-B8BA-1CD5CE13DE9F}"
EndProject
Project("{FAE04EC0-301F-11D3-BF4B-00C04F79EFBC}") = "AS32.Application", "AS32.Application\AS32.Application.csproj", "{097933CE-D859-430D-AC65-D81D744EB3B3}"
EndProject
Project("{FAE04EC0-301F-11D3-BF4B-00C04F79EFBC}") = "AS32.Application.Dto", "AS32.Application.Dto\AS32.Application.Dto.csproj", "{349ACD57-442C-4CD2-9C56-C873C0395CD9}"
EndProject
Project("{FAE04EC0-301F-11D3-BF4B-00C04F79EFBC}") = "AS32.Domain", "AS32.Domain\AS32.Domain.csproj", "{09CFED62-1CF8-43AA-A834-B985D0AE8546}"
EndProject
Project("{FAE04EC0-301F-11D3-BF4B-00C04F79EFBC}") = "AS32.Domain.Core", "AS32.Domain.Core\AS32.Domain.Core.csproj", "{2351989F-6989-48C9-A64D-3D07D94DFE3D}"
EndProject
Project("{FAE04EC0-301F-11D3-BF4B-00C04F79EFBC}") = "AS32.Domain.Services", "AS32.Domain.Services\AS32.Domain.Services.csproj", "{3E55030E-4A0C-429A-B477-F534E7361CF1}"
EndProject
Project("{FAE04EC0-301F-11D3-BF4B-00C04F79EFBC}") = "AS32.Infrastructure.Data", "AS32.Infrastructure.Data\AS32.Infrastructure.Data.csproj", "{C0D9DC68-E77C-4821-BC5D-253540866661}"
EndProject
Project("{FAE04EC0-301F-11D3-BF4B-00C04F79EFBC}") = "AS32.Infrastructure.Repository", "AS32.Infrastructure.Repository\AS32.Infrastructure.Repository.csproj", "{084599FE-E702-4F78-B03E-CCF8C153F72C}"
EndProject
Global
	GlobalSection(SolutionConfigurationPlatforms) = preSolution
		Debug|Any CPU = Debug|Any CPU
		Release|Any CPU = Release|Any CPU
	EndGlobalSection
	GlobalSection(ProjectConfigurationPlatforms) = postSolution
		{77D97813-5E07-4F9F-B8BA-1CD5CE13DE9F}.Debug|Any CPU.ActiveCfg = Debug|Any CPU
		{77D97813-5E07-4F9F-B8BA-1CD5CE13DE9F}.Debug|Any CPU.Build.0 = Debug|Any CPU
		{77D97813-5E07-4F9F-B8BA-1CD5CE13DE9F}.Release|Any CPU.ActiveCfg = Release|Any CPU
		{77D97813-5E07-4F9F-B8BA-1CD5CE13DE9F}.Release|Any CPU.Build.0 = Release|Any CPU
		{097933CE-D859-430D-AC65-D81D744EB3B3}.Debug|Any CPU.ActiveCfg = Debug|Any CPU
		{097933CE-D859-430D-AC65-D81D744EB3B3}.Debug|Any CPU.Build.0 = Debug|Any CPU
		{097933CE-D859-430D-AC65-D81D744EB3B3}.Release|Any CPU.ActiveCfg = Release|Any CPU
		{097933CE-D859-430D-AC65-D81D744EB3B3}.Release|Any CPU.Build.0 = Release|Any CPU
		{349ACD57-442C-4CD2-9C56-C873C0395CD9}.Debug|Any CPU.ActiveCfg = Debug|Any CPU
		{349ACD57-442C-4CD2-9C56-C873C0395CD9}.Debug|Any CPU.Build.0 = Debug|Any CPU
		{349ACD57-442C-4CD2-9C56-C873C0395CD9}.Release|Any CPU.ActiveCfg = Release|Any CPU
		{349ACD57-442C-4CD2-9C56-C873C0395CD9}.Release|Any CPU.Build.0 = Release|Any CPU
		{09CFED62-1CF8-43AA-A834-B985D0AE8546}.Debug|Any CPU.ActiveCfg = Debug|Any CPU
		{09CFED62-1CF8-43AA-A834-B985D0AE8546}.Debug|Any CPU.Build.0 = Debug|Any CPU
		{09CFED62-1CF8-43AA-A834-B985D0AE8546}.Release|Any CPU.ActiveCfg = Release|Any CPU
		{09CFED62-1CF8-43AA-A834-B985D0AE8546}.Release|Any CPU.Build.0 = Release|Any CPU
		{2351989F-6989-48C9-A64D-3D07D94DFE3D}.Debug|Any CPU.ActiveCfg = Debug|Any CPU
		{2351989F-6989-48C9-A64D-3D07D94DFE3D}.Debug|Any CPU.Build.0 = Debug|Any CPU
		{2351989F-6989-48C9-A64D-3D07D94DFE3D}.Release|Any CPU.ActiveCfg = Release|Any CPU
		{2351989F-6989-48C9-A64D-3D07D94DFE3D}.Release|Any CPU.Build.0 = Release|Any CPU
		{3E55030E-4A0C-429A-B477-F534E7361CF1}.Debug|Any CPU.ActiveCfg = Debug|Any CPU
		{3E55030E-4A0C-429A-B477-F534E7361CF1}.Debug|Any CPU.Build.0 = Debug|Any CPU
		{3E55030E-4A0C-429A-B477-F534E7361CF1}.Release|Any CPU.ActiveCfg = Release|Any CPU
		{3E55030E-4A0C-429A-B477-F534E7361CF1}.Release|Any CPU.Build.0 = Release|Any CPU
		{C0D9DC68-E77C-4821-BC5D-253540866661}.Debug|Any CPU.ActiveCfg = Debug|Any CPU
		{C0D9DC68-E77C-4821-BC5D-253540866661}.Debug|Any CPU.Build.0 = Debug|Any CPU
		{C0D9DC68-E77C-4821-BC5D-253540866661}.Release|Any CPU.ActiveCfg = Release|Any CPU
		{C0D9DC68-E77C-4821-BC5D-253540866661}.Release|Any CPU.Build.0 = Release|Any CPU
		{084599FE-E702-4F78-B03E-CCF8C153F72C}.Debug|Any CPU.ActiveCfg = Debug|Any CPU
		{084599FE-E702-4F78-B03E-CCF8C153F72C}.Debug|Any CPU.Build.0 = Debug|Any CPU
		{084599FE-E702-4F78-B03E-CCF8C153F72C}.Release|Any CPU.ActiveCfg = Release|Any CPU
		{084599FE-E702-4F78-B03E-CCF8C153F72C}.Release|Any CPU.Build.0 = Release|Any CPU
	EndGlobalSection
	GlobalSection(SolutionProperties) = preSolution
		HideSolutionNode = FALSE
	EndGlobalSection
	GlobalSection(NestedProjects) = preSolution
		{99A85865-13CD-49C5-8B97-F164A80A9E04} = {0BB3ACCB-F25A-4F81-B986-0E1BF43BC32A}
		{249BD4F9-0C01-4119-A8AA-9BA85DE3719B} = {0BB3ACCB-F25A-4F81-B986-0E1BF43BC32A}
		{77D97813-5E07-4F9F-B8BA-1CD5CE13DE9F} = {23526F33-EB48-4FE6-BD83-39549AE8E007}
		{097933CE-D859-430D-AC65-D81D744EB3B3} = {E97999E2-70CC-43F9-9353-05C278B98414}
		{349ACD57-442C-4CD2-9C56-C873C0395CD9} = {E97999E2-70CC-43F9-9353-05C278B98414}
		{09CFED62-1CF8-43AA-A834-B985D0AE8546} = {F26E32F8-865F-4788-9BA6-01D7506C2CD2}
		{2351989F-6989-48C9-A64D-3D07D94DFE3D} = {F26E32F8-865F-4788-9BA6-01D7506C2CD2}
		{3E55030E-4A0C-429A-B477-F534E7361CF1} = {F26E32F8-865F-4788-9BA6-01D7506C2CD2}
		{C0D9DC68-E77C-4821-BC5D-253540866661} = {99A85865-13CD-49C5-8B97-F164A80A9E04}
		{084599FE-E702-4F78-B03E-CCF8C153F72C} = {99A85865-13CD-49C5-8B97-F164A80A9E04}
	EndGlobalSection
	GlobalSection(ExtensibilityGlobals) = postSolution
		SolutionGuid = {EAF06112-949C-430C-9460-799421B28AF7}
	EndGlobalSection
EndGlobal
