
Microsoft Visual Studio Solution File, Format Version 12.00
# Visual Studio Version 17
VisualStudioVersion = 17.0.32112.339
MinimumVisualStudioVersion = 10.0.40219.1
Project("{2150E333-8FDC-42A3-9474-1A3956D46DE8}") = "1.0 - Presentation", "1.0 - Presentation", "{23526F33-EB48-4FE6-BD83-39549AE8E007}"
EndProject
Project("{2150E333-8FDC-42A3-9474-1A3956D46DE8}") = "2.0 - Application", "2.0 - Application", "{E97999E2-70CC-43F9-9353-05C278B98414}"
EndProject
Project("{2150E333-8FDC-42A3-9474-1A3956D46DE8}") = "3.0 - Domain", "3.0 - Domain", "{F26E32F8-865F-4788-9BA6-01D7506C2CD2}"
EndProject
Project("{2150E333-8FDC-42A3-9474-1A3956D46DE8}") = "4.0 - Infrastructure", "4.0 - Infrastructure", "{0BB3ACCB-F25A-4F81-B986-0E1BF43BC32A}"
EndProject
Project("{2150E333-8FDC-42A3-9474-1A3956D46DE8}") = "4.1 - Data", "4.1 - Data", "{99A85865-13CD-49C5-8B97-F164A80A9E04}"
EndProject
Project("{2150E333-8FDC-42A3-9474-1A3956D46DE8}") = "4.2 - Ioc", "4.2 - Ioc", "{249BD4F9-0C01-4119-A8AA-9BA85DE3719B}"
EndProject
Project("{FAE04EC0-301F-11D3-BF4B-00C04F79EFBC}") = "AS32.Presentation", "AS32.Presentation\AS32.Presentation.csproj", "{77D97813-5E07-4F9F-B8BA-1CD5CE13DE9F}"
EndProject
Global
	GlobalSection(SolutionConfigurationPlatforms) = preSolution
		Debug|Any CPU = Debug|Any CPU
		Release|Any CPU = Release|Any CPU
	EndGlobalSection
	GlobalSection(ProjectConfigurationPlatforms) = postSolution
		{77D97813-5E07-4F9F-B8BA-1CD5CE13DE9F}.Debug|Any CPU.ActiveCfg = Debug|Any CPU
		{77D97813-5E07-4F9F-B8BA-1CD5CE13DE9F}.Debug|Any CPU.Build.0 = Debug|Any CPU
		{77D97813-5E07-4F9F-B8BA-1CD5CE13DE9F}.Release|Any CPU.ActiveCfg = Release|Any CPU
		{77D97813-5E07-4F9F-B8BA-1CD5CE13DE9F}.Release|Any CPU.Build.0 = Release|Any CPU
	EndGlobalSection
	GlobalSection(SolutionProperties) = preSolution
		HideSolutionNode = FALSE
	EndGlobalSection
	GlobalSection(NestedProjects) = preSolution
		{99A85865-13CD-49C5-8B97-F164A80A9E04} = {0BB3ACCB-F25A-4F81-B986-0E1BF43BC32A}
		{249BD4F9-0C01-4119-A8AA-9BA85DE3719B} = {0BB3ACCB-F25A-4F81-B986-0E1BF43BC32A}
		{77D97813-5E07-4F9F-B8BA-1CD5CE13DE9F} = {23526F33-EB48-4FE6-BD83-39549AE8E007}
	EndGlobalSection
	GlobalSection(ExtensibilityGlobals) = postSolution
		SolutionGuid = {EAF06112-949C-430C-9460-799421B28AF7}
	EndGlobalSection
EndGlobal
